
Microsoft Visual Studio Solution File, Format Version 12.00
# Visual Studio Version 16
VisualStudioVersion = 16.0.29728.190
MinimumVisualStudioVersion = 10.0.40219.1
Project("{888888A0-9F3D-457C-B088-3A5042F75D52}") = "rs2", "rs2\rs2.pyproj", "{BD98D7AC-BCE6-431B-9D4F-99A8A7FF98E3}"
EndProject
Global
	GlobalSection(SolutionConfigurationPlatforms) = preSolution
		Debug|Any CPU = Debug|Any CPU
		Release|Any CPU = Release|Any CPU
	EndGlobalSection
	GlobalSection(ProjectConfigurationPlatforms) = postSolution
		{BD98D7AC-BCE6-431B-9D4F-99A8A7FF98E3}.Debug|Any CPU.ActiveCfg = Debug|Any CPU
		{BD98D7AC-BCE6-431B-9D4F-99A8A7FF98E3}.Release|Any CPU.ActiveCfg = Release|Any CPU
	EndGlobalSection
	GlobalSection(SolutionProperties) = preSolution
		HideSolutionNode = FALSE
	EndGlobalSection
	GlobalSection(ExtensibilityGlobals) = postSolution
		SolutionGuid = {4714E805-B810-41C6-90DE-5C044BA8D891}
	EndGlobalSection
EndGlobal
